
Microsoft Visual Studio Solution File, Format Version 12.00
# Visual Studio Version 16
VisualStudioVersion = 16.0.29123.88
MinimumVisualStudioVersion = 10.0.40219.1
Project("{FAE04EC0-301F-11D3-BF4B-00C04F79EFBC}") = "For loops", "For loops\For loops.csproj", "{6329539B-3984-4C03-8F28-6A09D015BB9E}"
EndProject
Global
	GlobalSection(SolutionConfigurationPlatforms) = preSolution
		Debug|Any CPU = Debug|Any CPU
		Release|Any CPU = Release|Any CPU
	EndGlobalSection
	GlobalSection(ProjectConfigurationPlatforms) = postSolution
		{6329539B-3984-4C03-8F28-6A09D015BB9E}.Debug|Any CPU.ActiveCfg = Debug|Any CPU
		{6329539B-3984-4C03-8F28-6A09D015BB9E}.Debug|Any CPU.Build.0 = Debug|Any CPU
		{6329539B-3984-4C03-8F28-6A09D015BB9E}.Release|Any CPU.ActiveCfg = Release|Any CPU
		{6329539B-3984-4C03-8F28-6A09D015BB9E}.Release|Any CPU.Build.0 = Release|Any CPU
	EndGlobalSection
	GlobalSection(SolutionProperties) = preSolution
		HideSolutionNode = FALSE
	EndGlobalSection
	GlobalSection(ExtensibilityGlobals) = postSolution
		SolutionGuid = {346373B3-F67C-4E94-96CD-B184851588E5}
	EndGlobalSection
EndGlobal
